
Microsoft Visual Studio Solution File, Format Version 12.00
# Visual Studio 14
VisualStudioVersion = 14.0.25420.1
MinimumVisualStudioVersion = 10.0.40219.1
Project("{FAE04EC0-301F-11D3-BF4B-00C04F79EFBC}") = "FlashQuizMaster", "FlashQuizMaster\FlashQuizMaster\FlashQuizMaster.csproj", "{FCCBFA3B-C0D1-40A0-8BD7-13F32FBA7C70}"
EndProject
Project("{FAE04EC0-301F-11D3-BF4B-00C04F79EFBC}") = "FlashQuizMaster.Droid", "FlashQuizMaster\FlashQuizMaster.Droid\FlashQuizMaster.Droid.csproj", "{D3E2EABB-3CCF-47E4-9886-D75D08AE0D63}"
EndProject
Project("{FAE04EC0-301F-11D3-BF4B-00C04F79EFBC}") = "FlashQuizMaster.iOS", "FlashQuizMaster\FlashQuizMaster.iOS\FlashQuizMaster.iOS.csproj", "{8390AAFC-8643-4303-AD84-2D68CF7187DE}"
EndProject
Project("{FAE04EC0-301F-11D3-BF4B-00C04F79EFBC}") = "FlashQuizMaster.WinPhone", "FlashQuizMaster\FlashQuizMaster.WinPhone\FlashQuizMaster.WinPhone.csproj", "{3050C0BB-3DB8-4BE7-8424-30D75037FF54}"
EndProject
Project("{FAE04EC0-301F-11D3-BF4B-00C04F79EFBC}") = "FlashQuizMaster.Windows", "FlashQuizMaster\FlashQuizMaster.Windows\FlashQuizMaster.Windows.csproj", "{CC7B22AA-196C-4FA3-A1B3-238CC5D9A75A}"
EndProject
Global
	GlobalSection(SolutionConfigurationPlatforms) = preSolution
		Ad-Hoc|Any CPU = Ad-Hoc|Any CPU
		Ad-Hoc|ARM = Ad-Hoc|ARM
		Ad-Hoc|iPhone = Ad-Hoc|iPhone
		Ad-Hoc|iPhoneSimulator = Ad-Hoc|iPhoneSimulator
		Ad-Hoc|x64 = Ad-Hoc|x64
		Ad-Hoc|x86 = Ad-Hoc|x86
		AppStore|Any CPU = AppStore|Any CPU
		AppStore|ARM = AppStore|ARM
		AppStore|iPhone = AppStore|iPhone
		AppStore|iPhoneSimulator = AppStore|iPhoneSimulator
		AppStore|x64 = AppStore|x64
		AppStore|x86 = AppStore|x86
		Debug|Any CPU = Debug|Any CPU
		Debug|ARM = Debug|ARM
		Debug|iPhone = Debug|iPhone
		Debug|iPhoneSimulator = Debug|iPhoneSimulator
		Debug|x64 = Debug|x64
		Debug|x86 = Debug|x86
		Release|Any CPU = Release|Any CPU
		Release|ARM = Release|ARM
		Release|iPhone = Release|iPhone
		Release|iPhoneSimulator = Release|iPhoneSimulator
		Release|x64 = Release|x64
		Release|x86 = Release|x86
	EndGlobalSection
	GlobalSection(ProjectConfigurationPlatforms) = postSolution
		{FCCBFA3B-C0D1-40A0-8BD7-13F32FBA7C70}.Ad-Hoc|Any CPU.ActiveCfg = Release|Any CPU
		{FCCBFA3B-C0D1-40A0-8BD7-13F32FBA7C70}.Ad-Hoc|Any CPU.Build.0 = Release|Any CPU
		{FCCBFA3B-C0D1-40A0-8BD7-13F32FBA7C70}.Ad-Hoc|ARM.ActiveCfg = Release|Any CPU
		{FCCBFA3B-C0D1-40A0-8BD7-13F32FBA7C70}.Ad-Hoc|ARM.Build.0 = Release|Any CPU
		{FCCBFA3B-C0D1-40A0-8BD7-13F32FBA7C70}.Ad-Hoc|iPhone.ActiveCfg = Release|Any CPU
		{FCCBFA3B-C0D1-40A0-8BD7-13F32FBA7C70}.Ad-Hoc|iPhone.Build.0 = Release|Any CPU
		{FCCBFA3B-C0D1-40A0-8BD7-13F32FBA7C70}.Ad-Hoc|iPhoneSimulator.ActiveCfg = Release|Any CPU
		{FCCBFA3B-C0D1-40A0-8BD7-13F32FBA7C70}.Ad-Hoc|iPhoneSimulator.Build.0 = Release|Any CPU
		{FCCBFA3B-C0D1-40A0-8BD7-13F32FBA7C70}.Ad-Hoc|x64.ActiveCfg = Release|Any CPU
		{FCCBFA3B-C0D1-40A0-8BD7-13F32FBA7C70}.Ad-Hoc|x64.Build.0 = Release|Any CPU
		{FCCBFA3B-C0D1-40A0-8BD7-13F32FBA7C70}.Ad-Hoc|x86.ActiveCfg = Release|Any CPU
		{FCCBFA3B-C0D1-40A0-8BD7-13F32FBA7C70}.Ad-Hoc|x86.Build.0 = Release|Any CPU
		{FCCBFA3B-C0D1-40A0-8BD7-13F32FBA7C70}.AppStore|Any CPU.ActiveCfg = Release|Any CPU
		{FCCBFA3B-C0D1-40A0-8BD7-13F32FBA7C70}.AppStore|Any CPU.Build.0 = Release|Any CPU
		{FCCBFA3B-C0D1-40A0-8BD7-13F32FBA7C70}.AppStore|ARM.ActiveCfg = Release|Any CPU
		{FCCBFA3B-C0D1-40A0-8BD7-13F32FBA7C70}.AppStore|ARM.Build.0 = Release|Any CPU
		{FCCBFA3B-C0D1-40A0-8BD7-13F32FBA7C70}.AppStore|iPhone.ActiveCfg = Release|Any CPU
		{FCCBFA3B-C0D1-40A0-8BD7-13F32FBA7C70}.AppStore|iPhone.Build.0 = Release|Any CPU
		{FCCBFA3B-C0D1-40A0-8BD7-13F32FBA7C70}.AppStore|iPhoneSimulator.ActiveCfg = Release|Any CPU
		{FCCBFA3B-C0D1-40A0-8BD7-13F32FBA7C70}.AppStore|iPhoneSimulator.Build.0 = Release|Any CPU
		{FCCBFA3B-C0D1-40A0-8BD7-13F32FBA7C70}.AppStore|x64.ActiveCfg = Release|Any CPU
		{FCCBFA3B-C0D1-40A0-8BD7-13F32FBA7C70}.AppStore|x64.Build.0 = Release|Any CPU
		{FCCBFA3B-C0D1-40A0-8BD7-13F32FBA7C70}.AppStore|x86.ActiveCfg = Release|Any CPU
		{FCCBFA3B-C0D1-40A0-8BD7-13F32FBA7C70}.AppStore|x86.Build.0 = Release|Any CPU
		{FCCBFA3B-C0D1-40A0-8BD7-13F32FBA7C70}.Debug|Any CPU.ActiveCfg = Debug|Any CPU
		{FCCBFA3B-C0D1-40A0-8BD7-13F32FBA7C70}.Debug|Any CPU.Build.0 = Debug|Any CPU
		{FCCBFA3B-C0D1-40A0-8BD7-13F32FBA7C70}.Debug|ARM.ActiveCfg = Debug|Any CPU
		{FCCBFA3B-C0D1-40A0-8BD7-13F32FBA7C70}.Debug|ARM.Build.0 = Debug|Any CPU
		{FCCBFA3B-C0D1-40A0-8BD7-13F32FBA7C70}.Debug|iPhone.ActiveCfg = Debug|Any CPU
		{FCCBFA3B-C0D1-40A0-8BD7-13F32FBA7C70}.Debug|iPhone.Build.0 = Debug|Any CPU
		{FCCBFA3B-C0D1-40A0-8BD7-13F32FBA7C70}.Debug|iPhoneSimulator.ActiveCfg = Debug|Any CPU
		{FCCBFA3B-C0D1-40A0-8BD7-13F32FBA7C70}.Debug|iPhoneSimulator.Build.0 = Debug|Any CPU
		{FCCBFA3B-C0D1-40A0-8BD7-13F32FBA7C70}.Debug|x64.ActiveCfg = Debug|Any CPU
		{FCCBFA3B-C0D1-40A0-8BD7-13F32FBA7C70}.Debug|x64.Build.0 = Debug|Any CPU
		{FCCBFA3B-C0D1-40A0-8BD7-13F32FBA7C70}.Debug|x86.ActiveCfg = Debug|Any CPU
		{FCCBFA3B-C0D1-40A0-8BD7-13F32FBA7C70}.Debug|x86.Build.0 = Debug|Any CPU
		{FCCBFA3B-C0D1-40A0-8BD7-13F32FBA7C70}.Release|Any CPU.ActiveCfg = Release|Any CPU
		{FCCBFA3B-C0D1-40A0-8BD7-13F32FBA7C70}.Release|Any CPU.Build.0 = Release|Any CPU
		{FCCBFA3B-C0D1-40A0-8BD7-13F32FBA7C70}.Release|ARM.ActiveCfg = Release|Any CPU
		{FCCBFA3B-C0D1-40A0-8BD7-13F32FBA7C70}.Release|ARM.Build.0 = Release|Any CPU
		{FCCBFA3B-C0D1-40A0-8BD7-13F32FBA7C70}.Release|iPhone.ActiveCfg = Release|Any CPU
		{FCCBFA3B-C0D1-40A0-8BD7-13F32FBA7C70}.Release|iPhone.Build.0 = Release|Any CPU
		{FCCBFA3B-C0D1-40A0-8BD7-13F32FBA7C70}.Release|iPhoneSimulator.ActiveCfg = Release|Any CPU
		{FCCBFA3B-C0D1-40A0-8BD7-13F32FBA7C70}.Release|iPhoneSimulator.Build.0 = Release|Any CPU
		{FCCBFA3B-C0D1-40A0-8BD7-13F32FBA7C70}.Release|x64.ActiveCfg = Release|Any CPU
		{FCCBFA3B-C0D1-40A0-8BD7-13F32FBA7C70}.Release|x64.Build.0 = Release|Any CPU
		{FCCBFA3B-C0D1-40A0-8BD7-13F32FBA7C70}.Release|x86.ActiveCfg = Release|Any CPU
		{FCCBFA3B-C0D1-40A0-8BD7-13F32FBA7C70}.Release|x86.Build.0 = Release|Any CPU
		{D3E2EABB-3CCF-47E4-9886-D75D08AE0D63}.Ad-Hoc|Any CPU.ActiveCfg = Release|Any CPU
		{D3E2EABB-3CCF-47E4-9886-D75D08AE0D63}.Ad-Hoc|Any CPU.Build.0 = Release|Any CPU
		{D3E2EABB-3CCF-47E4-9886-D75D08AE0D63}.Ad-Hoc|Any CPU.Deploy.0 = Release|Any CPU
		{D3E2EABB-3CCF-47E4-9886-D75D08AE0D63}.Ad-Hoc|ARM.ActiveCfg = Release|Any CPU
		{D3E2EABB-3CCF-47E4-9886-D75D08AE0D63}.Ad-Hoc|ARM.Build.0 = Release|Any CPU
		{D3E2EABB-3CCF-47E4-9886-D75D08AE0D63}.Ad-Hoc|ARM.Deploy.0 = Release|Any CPU
		{D3E2EABB-3CCF-47E4-9886-D75D08AE0D63}.Ad-Hoc|iPhone.ActiveCfg = Release|Any CPU
		{D3E2EABB-3CCF-47E4-9886-D75D08AE0D63}.Ad-Hoc|iPhone.Build.0 = Release|Any CPU
		{D3E2EABB-3CCF-47E4-9886-D75D08AE0D63}.Ad-Hoc|iPhone.Deploy.0 = Release|Any CPU
		{D3E2EABB-3CCF-47E4-9886-D75D08AE0D63}.Ad-Hoc|iPhoneSimulator.ActiveCfg = Release|Any CPU
		{D3E2EABB-3CCF-47E4-9886-D75D08AE0D63}.Ad-Hoc|iPhoneSimulator.Build.0 = Release|Any CPU
		{D3E2EABB-3CCF-47E4-9886-D75D08AE0D63}.Ad-Hoc|iPhoneSimulator.Deploy.0 = Release|Any CPU
		{D3E2EABB-3CCF-47E4-9886-D75D08AE0D63}.Ad-Hoc|x64.ActiveCfg = Release|Any CPU
		{D3E2EABB-3CCF-47E4-9886-D75D08AE0D63}.Ad-Hoc|x64.Build.0 = Release|Any CPU
		{D3E2EABB-3CCF-47E4-9886-D75D08AE0D63}.Ad-Hoc|x64.Deploy.0 = Release|Any CPU
		{D3E2EABB-3CCF-47E4-9886-D75D08AE0D63}.Ad-Hoc|x86.ActiveCfg = Release|Any CPU
		{D3E2EABB-3CCF-47E4-9886-D75D08AE0D63}.Ad-Hoc|x86.Build.0 = Release|Any CPU
		{D3E2EABB-3CCF-47E4-9886-D75D08AE0D63}.Ad-Hoc|x86.Deploy.0 = Release|Any CPU
		{D3E2EABB-3CCF-47E4-9886-D75D08AE0D63}.AppStore|Any CPU.ActiveCfg = Release|Any CPU
		{D3E2EABB-3CCF-47E4-9886-D75D08AE0D63}.AppStore|Any CPU.Build.0 = Release|Any CPU
		{D3E2EABB-3CCF-47E4-9886-D75D08AE0D63}.AppStore|Any CPU.Deploy.0 = Release|Any CPU
		{D3E2EABB-3CCF-47E4-9886-D75D08AE0D63}.AppStore|ARM.ActiveCfg = Release|Any CPU
		{D3E2EABB-3CCF-47E4-9886-D75D08AE0D63}.AppStore|ARM.Build.0 = Release|Any CPU
		{D3E2EABB-3CCF-47E4-9886-D75D08AE0D63}.AppStore|ARM.Deploy.0 = Release|Any CPU
		{D3E2EABB-3CCF-47E4-9886-D75D08AE0D63}.AppStore|iPhone.ActiveCfg = Release|Any CPU
		{D3E2EABB-3CCF-47E4-9886-D75D08AE0D63}.AppStore|iPhone.Build.0 = Release|Any CPU
		{D3E2EABB-3CCF-47E4-9886-D75D08AE0D63}.AppStore|iPhone.Deploy.0 = Release|Any CPU
		{D3E2EABB-3CCF-47E4-9886-D75D08AE0D63}.AppStore|iPhoneSimulator.ActiveCfg = Release|Any CPU
		{D3E2EABB-3CCF-47E4-9886-D75D08AE0D63}.AppStore|iPhoneSimulator.Build.0 = Release|Any CPU
		{D3E2EABB-3CCF-47E4-9886-D75D08AE0D63}.AppStore|iPhoneSimulator.Deploy.0 = Release|Any CPU
		{D3E2EABB-3CCF-47E4-9886-D75D08AE0D63}.AppStore|x64.ActiveCfg = Release|Any CPU
		{D3E2EABB-3CCF-47E4-9886-D75D08AE0D63}.AppStore|x64.Build.0 = Release|Any CPU
		{D3E2EABB-3CCF-47E4-9886-D75D08AE0D63}.AppStore|x64.Deploy.0 = Release|Any CPU
		{D3E2EABB-3CCF-47E4-9886-D75D08AE0D63}.AppStore|x86.ActiveCfg = Release|Any CPU
		{D3E2EABB-3CCF-47E4-9886-D75D08AE0D63}.AppStore|x86.Build.0 = Release|Any CPU
		{D3E2EABB-3CCF-47E4-9886-D75D08AE0D63}.AppStore|x86.Deploy.0 = Release|Any CPU
		{D3E2EABB-3CCF-47E4-9886-D75D08AE0D63}.Debug|Any CPU.ActiveCfg = Debug|Any CPU
		{D3E2EABB-3CCF-47E4-9886-D75D08AE0D63}.Debug|Any CPU.Build.0 = Debug|Any CPU
		{D3E2EABB-3CCF-47E4-9886-D75D08AE0D63}.Debug|Any CPU.Deploy.0 = Debug|Any CPU
		{D3E2EABB-3CCF-47E4-9886-D75D08AE0D63}.Debug|ARM.ActiveCfg = Debug|Any CPU
		{D3E2EABB-3CCF-47E4-9886-D75D08AE0D63}.Debug|ARM.Build.0 = Debug|Any CPU
		{D3E2EABB-3CCF-47E4-9886-D75D08AE0D63}.Debug|ARM.Deploy.0 = Debug|Any CPU
		{D3E2EABB-3CCF-47E4-9886-D75D08AE0D63}.Debug|iPhone.ActiveCfg = Debug|Any CPU
		{D3E2EABB-3CCF-47E4-9886-D75D08AE0D63}.Debug|iPhone.Build.0 = Debug|Any CPU
		{D3E2EABB-3CCF-47E4-9886-D75D08AE0D63}.Debug|iPhone.Deploy.0 = Debug|Any CPU
		{D3E2EABB-3CCF-47E4-9886-D75D08AE0D63}.Debug|iPhoneSimulator.ActiveCfg = Debug|Any CPU
		{D3E2EABB-3CCF-47E4-9886-D75D08AE0D63}.Debug|iPhoneSimulator.Build.0 = Debug|Any CPU
		{D3E2EABB-3CCF-47E4-9886-D75D08AE0D63}.Debug|iPhoneSimulator.Deploy.0 = Debug|Any CPU
		{D3E2EABB-3CCF-47E4-9886-D75D08AE0D63}.Debug|x64.ActiveCfg = Debug|Any CPU
		{D3E2EABB-3CCF-47E4-9886-D75D08AE0D63}.Debug|x64.Build.0 = Debug|Any CPU
		{D3E2EABB-3CCF-47E4-9886-D75D08AE0D63}.Debug|x64.Deploy.0 = Debug|Any CPU
		{D3E2EABB-3CCF-47E4-9886-D75D08AE0D63}.Debug|x86.ActiveCfg = Debug|Any CPU
		{D3E2EABB-3CCF-47E4-9886-D75D08AE0D63}.Debug|x86.Build.0 = Debug|Any CPU
		{D3E2EABB-3CCF-47E4-9886-D75D08AE0D63}.Debug|x86.Deploy.0 = Debug|Any CPU
		{D3E2EABB-3CCF-47E4-9886-D75D08AE0D63}.Release|Any CPU.ActiveCfg = Release|Any CPU
		{D3E2EABB-3CCF-47E4-9886-D75D08AE0D63}.Release|Any CPU.Build.0 = Release|Any CPU
		{D3E2EABB-3CCF-47E4-9886-D75D08AE0D63}.Release|Any CPU.Deploy.0 = Release|Any CPU
		{D3E2EABB-3CCF-47E4-9886-D75D08AE0D63}.Release|ARM.ActiveCfg = Release|Any CPU
		{D3E2EABB-3CCF-47E4-9886-D75D08AE0D63}.Release|ARM.Build.0 = Release|Any CPU
		{D3E2EABB-3CCF-47E4-9886-D75D08AE0D63}.Release|ARM.Deploy.0 = Release|Any CPU
		{D3E2EABB-3CCF-47E4-9886-D75D08AE0D63}.Release|iPhone.ActiveCfg = Release|Any CPU
		{D3E2EABB-3CCF-47E4-9886-D75D08AE0D63}.Release|iPhone.Build.0 = Release|Any CPU
		{D3E2EABB-3CCF-47E4-9886-D75D08AE0D63}.Release|iPhone.Deploy.0 = Release|Any CPU
		{D3E2EABB-3CCF-47E4-9886-D75D08AE0D63}.Release|iPhoneSimulator.ActiveCfg = Release|Any CPU
		{D3E2EABB-3CCF-47E4-9886-D75D08AE0D63}.Release|iPhoneSimulator.Build.0 = Release|Any CPU
		{D3E2EABB-3CCF-47E4-9886-D75D08AE0D63}.Release|iPhoneSimulator.Deploy.0 = Release|Any CPU
		{D3E2EABB-3CCF-47E4-9886-D75D08AE0D63}.Release|x64.ActiveCfg = Release|Any CPU
		{D3E2EABB-3CCF-47E4-9886-D75D08AE0D63}.Release|x64.Build.0 = Release|Any CPU
		{D3E2EABB-3CCF-47E4-9886-D75D08AE0D63}.Release|x64.Deploy.0 = Release|Any CPU
		{D3E2EABB-3CCF-47E4-9886-D75D08AE0D63}.Release|x86.ActiveCfg = Release|Any CPU
		{D3E2EABB-3CCF-47E4-9886-D75D08AE0D63}.Release|x86.Build.0 = Release|Any CPU
		{D3E2EABB-3CCF-47E4-9886-D75D08AE0D63}.Release|x86.Deploy.0 = Release|Any CPU
		{8390AAFC-8643-4303-AD84-2D68CF7187DE}.Ad-Hoc|Any CPU.ActiveCfg = Ad-Hoc|iPhone
		{8390AAFC-8643-4303-AD84-2D68CF7187DE}.Ad-Hoc|ARM.ActiveCfg = Ad-Hoc|iPhone
		{8390AAFC-8643-4303-AD84-2D68CF7187DE}.Ad-Hoc|iPhone.ActiveCfg = Ad-Hoc|iPhone
		{8390AAFC-8643-4303-AD84-2D68CF7187DE}.Ad-Hoc|iPhone.Build.0 = Ad-Hoc|iPhone
		{8390AAFC-8643-4303-AD84-2D68CF7187DE}.Ad-Hoc|iPhoneSimulator.ActiveCfg = Ad-Hoc|iPhoneSimulator
		{8390AAFC-8643-4303-AD84-2D68CF7187DE}.Ad-Hoc|iPhoneSimulator.Build.0 = Ad-Hoc|iPhoneSimulator
		{8390AAFC-8643-4303-AD84-2D68CF7187DE}.Ad-Hoc|x64.ActiveCfg = Ad-Hoc|iPhone
		{8390AAFC-8643-4303-AD84-2D68CF7187DE}.Ad-Hoc|x86.ActiveCfg = Ad-Hoc|iPhone
		{8390AAFC-8643-4303-AD84-2D68CF7187DE}.AppStore|Any CPU.ActiveCfg = AppStore|iPhone
		{8390AAFC-8643-4303-AD84-2D68CF7187DE}.AppStore|ARM.ActiveCfg = AppStore|iPhone
		{8390AAFC-8643-4303-AD84-2D68CF7187DE}.AppStore|iPhone.ActiveCfg = AppStore|iPhone
		{8390AAFC-8643-4303-AD84-2D68CF7187DE}.AppStore|iPhone.Build.0 = AppStore|iPhone
		{8390AAFC-8643-4303-AD84-2D68CF7187DE}.AppStore|iPhoneSimulator.ActiveCfg = AppStore|iPhoneSimulator
		{8390AAFC-8643-4303-AD84-2D68CF7187DE}.AppStore|iPhoneSimulator.Build.0 = AppStore|iPhoneSimulator
		{8390AAFC-8643-4303-AD84-2D68CF7187DE}.AppStore|x64.ActiveCfg = AppStore|iPhone
		{8390AAFC-8643-4303-AD84-2D68CF7187DE}.AppStore|x86.ActiveCfg = AppStore|iPhone
		{8390AAFC-8643-4303-AD84-2D68CF7187DE}.Debug|Any CPU.ActiveCfg = Debug|iPhone
		{8390AAFC-8643-4303-AD84-2D68CF7187DE}.Debug|ARM.ActiveCfg = Debug|iPhone
		{8390AAFC-8643-4303-AD84-2D68CF7187DE}.Debug|iPhone.ActiveCfg = Debug|iPhone
		{8390AAFC-8643-4303-AD84-2D68CF7187DE}.Debug|iPhone.Build.0 = Debug|iPhone
		{8390AAFC-8643-4303-AD84-2D68CF7187DE}.Debug|iPhoneSimulator.ActiveCfg = Debug|iPhoneSimulator
		{8390AAFC-8643-4303-AD84-2D68CF7187DE}.Debug|iPhoneSimulator.Build.0 = Debug|iPhoneSimulator
		{8390AAFC-8643-4303-AD84-2D68CF7187DE}.Debug|x64.ActiveCfg = Debug|iPhone
		{8390AAFC-8643-4303-AD84-2D68CF7187DE}.Debug|x86.ActiveCfg = Debug|iPhone
		{8390AAFC-8643-4303-AD84-2D68CF7187DE}.Release|Any CPU.ActiveCfg = Release|iPhone
		{8390AAFC-8643-4303-AD84-2D68CF7187DE}.Release|ARM.ActiveCfg = Release|iPhone
		{8390AAFC-8643-4303-AD84-2D68CF7187DE}.Release|iPhone.ActiveCfg = Release|iPhone
		{8390AAFC-8643-4303-AD84-2D68CF7187DE}.Release|iPhone.Build.0 = Release|iPhone
		{8390AAFC-8643-4303-AD84-2D68CF7187DE}.Release|iPhoneSimulator.ActiveCfg = Release|iPhoneSimulator
		{8390AAFC-8643-4303-AD84-2D68CF7187DE}.Release|iPhoneSimulator.Build.0 = Release|iPhoneSimulator
		{8390AAFC-8643-4303-AD84-2D68CF7187DE}.Release|x64.ActiveCfg = Release|iPhone
		{8390AAFC-8643-4303-AD84-2D68CF7187DE}.Release|x86.ActiveCfg = Release|iPhone
		{3050C0BB-3DB8-4BE7-8424-30D75037FF54}.Ad-Hoc|Any CPU.ActiveCfg = Release|Any CPU
		{3050C0BB-3DB8-4BE7-8424-30D75037FF54}.Ad-Hoc|Any CPU.Build.0 = Release|Any CPU
		{3050C0BB-3DB8-4BE7-8424-30D75037FF54}.Ad-Hoc|Any CPU.Deploy.0 = Release|Any CPU
		{3050C0BB-3DB8-4BE7-8424-30D75037FF54}.Ad-Hoc|ARM.ActiveCfg = Release|ARM
		{3050C0BB-3DB8-4BE7-8424-30D75037FF54}.Ad-Hoc|ARM.Build.0 = Release|ARM
		{3050C0BB-3DB8-4BE7-8424-30D75037FF54}.Ad-Hoc|ARM.Deploy.0 = Release|ARM
		{3050C0BB-3DB8-4BE7-8424-30D75037FF54}.Ad-Hoc|iPhone.ActiveCfg = Release|Any CPU
		{3050C0BB-3DB8-4BE7-8424-30D75037FF54}.Ad-Hoc|iPhone.Build.0 = Release|Any CPU
		{3050C0BB-3DB8-4BE7-8424-30D75037FF54}.Ad-Hoc|iPhone.Deploy.0 = Release|Any CPU
		{3050C0BB-3DB8-4BE7-8424-30D75037FF54}.Ad-Hoc|iPhoneSimulator.ActiveCfg = Release|Any CPU
		{3050C0BB-3DB8-4BE7-8424-30D75037FF54}.Ad-Hoc|iPhoneSimulator.Build.0 = Release|Any CPU
		{3050C0BB-3DB8-4BE7-8424-30D75037FF54}.Ad-Hoc|iPhoneSimulator.Deploy.0 = Release|Any CPU
		{3050C0BB-3DB8-4BE7-8424-30D75037FF54}.Ad-Hoc|x64.ActiveCfg = Release|Any CPU
		{3050C0BB-3DB8-4BE7-8424-30D75037FF54}.Ad-Hoc|x64.Build.0 = Release|Any CPU
		{3050C0BB-3DB8-4BE7-8424-30D75037FF54}.Ad-Hoc|x64.Deploy.0 = Release|Any CPU
		{3050C0BB-3DB8-4BE7-8424-30D75037FF54}.Ad-Hoc|x86.ActiveCfg = Release|x86
		{3050C0BB-3DB8-4BE7-8424-30D75037FF54}.Ad-Hoc|x86.Build.0 = Release|x86
		{3050C0BB-3DB8-4BE7-8424-30D75037FF54}.Ad-Hoc|x86.Deploy.0 = Release|x86
		{3050C0BB-3DB8-4BE7-8424-30D75037FF54}.AppStore|Any CPU.ActiveCfg = Release|Any CPU
		{3050C0BB-3DB8-4BE7-8424-30D75037FF54}.AppStore|Any CPU.Build.0 = Release|Any CPU
		{3050C0BB-3DB8-4BE7-8424-30D75037FF54}.AppStore|Any CPU.Deploy.0 = Release|Any CPU
		{3050C0BB-3DB8-4BE7-8424-30D75037FF54}.AppStore|ARM.ActiveCfg = Release|ARM
		{3050C0BB-3DB8-4BE7-8424-30D75037FF54}.AppStore|ARM.Build.0 = Release|ARM
		{3050C0BB-3DB8-4BE7-8424-30D75037FF54}.AppStore|ARM.Deploy.0 = Release|ARM
		{3050C0BB-3DB8-4BE7-8424-30D75037FF54}.AppStore|iPhone.ActiveCfg = Release|Any CPU
		{3050C0BB-3DB8-4BE7-8424-30D75037FF54}.AppStore|iPhone.Build.0 = Release|Any CPU
		{3050C0BB-3DB8-4BE7-8424-30D75037FF54}.AppStore|iPhone.Deploy.0 = Release|Any CPU
		{3050C0BB-3DB8-4BE7-8424-30D75037FF54}.AppStore|iPhoneSimulator.ActiveCfg = Release|Any CPU
		{3050C0BB-3DB8-4BE7-8424-30D75037FF54}.AppStore|iPhoneSimulator.Build.0 = Release|Any CPU
		{3050C0BB-3DB8-4BE7-8424-30D75037FF54}.AppStore|iPhoneSimulator.Deploy.0 = Release|Any CPU
		{3050C0BB-3DB8-4BE7-8424-30D75037FF54}.AppStore|x64.ActiveCfg = Release|Any CPU
		{3050C0BB-3DB8-4BE7-8424-30D75037FF54}.AppStore|x64.Build.0 = Release|Any CPU
		{3050C0BB-3DB8-4BE7-8424-30D75037FF54}.AppStore|x64.Deploy.0 = Release|Any CPU
		{3050C0BB-3DB8-4BE7-8424-30D75037FF54}.AppStore|x86.ActiveCfg = Release|x86
		{3050C0BB-3DB8-4BE7-8424-30D75037FF54}.AppStore|x86.Build.0 = Release|x86
		{3050C0BB-3DB8-4BE7-8424-30D75037FF54}.AppStore|x86.Deploy.0 = Release|x86
		{3050C0BB-3DB8-4BE7-8424-30D75037FF54}.Debug|Any CPU.ActiveCfg = Debug|Any CPU
		{3050C0BB-3DB8-4BE7-8424-30D75037FF54}.Debug|Any CPU.Build.0 = Debug|Any CPU
		{3050C0BB-3DB8-4BE7-8424-30D75037FF54}.Debug|Any CPU.Deploy.0 = Debug|Any CPU
		{3050C0BB-3DB8-4BE7-8424-30D75037FF54}.Debug|ARM.ActiveCfg = Debug|ARM
		{3050C0BB-3DB8-4BE7-8424-30D75037FF54}.Debug|ARM.Build.0 = Debug|ARM
		{3050C0BB-3DB8-4BE7-8424-30D75037FF54}.Debug|ARM.Deploy.0 = Debug|ARM
		{3050C0BB-3DB8-4BE7-8424-30D75037FF54}.Debug|iPhone.ActiveCfg = Debug|Any CPU
		{3050C0BB-3DB8-4BE7-8424-30D75037FF54}.Debug|iPhone.Build.0 = Debug|Any CPU
		{3050C0BB-3DB8-4BE7-8424-30D75037FF54}.Debug|iPhone.Deploy.0 = Debug|Any CPU
		{3050C0BB-3DB8-4BE7-8424-30D75037FF54}.Debug|iPhoneSimulator.ActiveCfg = Debug|Any CPU
		{3050C0BB-3DB8-4BE7-8424-30D75037FF54}.Debug|iPhoneSimulator.Build.0 = Debug|Any CPU
		{3050C0BB-3DB8-4BE7-8424-30D75037FF54}.Debug|iPhoneSimulator.Deploy.0 = Debug|Any CPU
		{3050C0BB-3DB8-4BE7-8424-30D75037FF54}.Debug|x64.ActiveCfg = Debug|Any CPU
		{3050C0BB-3DB8-4BE7-8424-30D75037FF54}.Debug|x64.Build.0 = Debug|Any CPU
		{3050C0BB-3DB8-4BE7-8424-30D75037FF54}.Debug|x64.Deploy.0 = Debug|Any CPU
		{3050C0BB-3DB8-4BE7-8424-30D75037FF54}.Debug|x86.ActiveCfg = Debug|x86
		{3050C0BB-3DB8-4BE7-8424-30D75037FF54}.Debug|x86.Build.0 = Debug|x86
		{3050C0BB-3DB8-4BE7-8424-30D75037FF54}.Debug|x86.Deploy.0 = Debug|x86
		{3050C0BB-3DB8-4BE7-8424-30D75037FF54}.Release|Any CPU.ActiveCfg = Release|Any CPU
		{3050C0BB-3DB8-4BE7-8424-30D75037FF54}.Release|Any CPU.Build.0 = Release|Any CPU
		{3050C0BB-3DB8-4BE7-8424-30D75037FF54}.Release|Any CPU.Deploy.0 = Release|Any CPU
		{3050C0BB-3DB8-4BE7-8424-30D75037FF54}.Release|ARM.ActiveCfg = Release|ARM
		{3050C0BB-3DB8-4BE7-8424-30D75037FF54}.Release|ARM.Build.0 = Release|ARM
		{3050C0BB-3DB8-4BE7-8424-30D75037FF54}.Release|ARM.Deploy.0 = Release|ARM
		{3050C0BB-3DB8-4BE7-8424-30D75037FF54}.Release|iPhone.ActiveCfg = Release|Any CPU
		{3050C0BB-3DB8-4BE7-8424-30D75037FF54}.Release|iPhone.Build.0 = Release|Any CPU
		{3050C0BB-3DB8-4BE7-8424-30D75037FF54}.Release|iPhone.Deploy.0 = Release|Any CPU
		{3050C0BB-3DB8-4BE7-8424-30D75037FF54}.Release|iPhoneSimulator.ActiveCfg = Release|Any CPU
		{3050C0BB-3DB8-4BE7-8424-30D75037FF54}.Release|iPhoneSimulator.Build.0 = Release|Any CPU
		{3050C0BB-3DB8-4BE7-8424-30D75037FF54}.Release|iPhoneSimulator.Deploy.0 = Release|Any CPU
		{3050C0BB-3DB8-4BE7-8424-30D75037FF54}.Release|x64.ActiveCfg = Release|Any CPU
		{3050C0BB-3DB8-4BE7-8424-30D75037FF54}.Release|x64.Build.0 = Release|Any CPU
		{3050C0BB-3DB8-4BE7-8424-30D75037FF54}.Release|x64.Deploy.0 = Release|Any CPU
		{3050C0BB-3DB8-4BE7-8424-30D75037FF54}.Release|x86.ActiveCfg = Release|x86
		{3050C0BB-3DB8-4BE7-8424-30D75037FF54}.Release|x86.Build.0 = Release|x86
		{3050C0BB-3DB8-4BE7-8424-30D75037FF54}.Release|x86.Deploy.0 = Release|x86
		{CC7B22AA-196C-4FA3-A1B3-238CC5D9A75A}.Ad-Hoc|Any CPU.ActiveCfg = Release|Any CPU
		{CC7B22AA-196C-4FA3-A1B3-238CC5D9A75A}.Ad-Hoc|Any CPU.Build.0 = Release|Any CPU
		{CC7B22AA-196C-4FA3-A1B3-238CC5D9A75A}.Ad-Hoc|Any CPU.Deploy.0 = Release|Any CPU
		{CC7B22AA-196C-4FA3-A1B3-238CC5D9A75A}.Ad-Hoc|ARM.ActiveCfg = Release|ARM
		{CC7B22AA-196C-4FA3-A1B3-238CC5D9A75A}.Ad-Hoc|ARM.Build.0 = Release|ARM
		{CC7B22AA-196C-4FA3-A1B3-238CC5D9A75A}.Ad-Hoc|ARM.Deploy.0 = Release|ARM
		{CC7B22AA-196C-4FA3-A1B3-238CC5D9A75A}.Ad-Hoc|iPhone.ActiveCfg = Release|Any CPU
		{CC7B22AA-196C-4FA3-A1B3-238CC5D9A75A}.Ad-Hoc|iPhone.Build.0 = Release|Any CPU
		{CC7B22AA-196C-4FA3-A1B3-238CC5D9A75A}.Ad-Hoc|iPhone.Deploy.0 = Release|Any CPU
		{CC7B22AA-196C-4FA3-A1B3-238CC5D9A75A}.Ad-Hoc|iPhoneSimulator.ActiveCfg = Release|Any CPU
		{CC7B22AA-196C-4FA3-A1B3-238CC5D9A75A}.Ad-Hoc|iPhoneSimulator.Build.0 = Release|Any CPU
		{CC7B22AA-196C-4FA3-A1B3-238CC5D9A75A}.Ad-Hoc|iPhoneSimulator.Deploy.0 = Release|Any CPU
		{CC7B22AA-196C-4FA3-A1B3-238CC5D9A75A}.Ad-Hoc|x64.ActiveCfg = Release|x64
		{CC7B22AA-196C-4FA3-A1B3-238CC5D9A75A}.Ad-Hoc|x64.Build.0 = Release|x64
		{CC7B22AA-196C-4FA3-A1B3-238CC5D9A75A}.Ad-Hoc|x64.Deploy.0 = Release|x64
		{CC7B22AA-196C-4FA3-A1B3-238CC5D9A75A}.Ad-Hoc|x86.ActiveCfg = Release|x86
		{CC7B22AA-196C-4FA3-A1B3-238CC5D9A75A}.Ad-Hoc|x86.Build.0 = Release|x86
		{CC7B22AA-196C-4FA3-A1B3-238CC5D9A75A}.Ad-Hoc|x86.Deploy.0 = Release|x86
		{CC7B22AA-196C-4FA3-A1B3-238CC5D9A75A}.AppStore|Any CPU.ActiveCfg = Release|Any CPU
		{CC7B22AA-196C-4FA3-A1B3-238CC5D9A75A}.AppStore|Any CPU.Build.0 = Release|Any CPU
		{CC7B22AA-196C-4FA3-A1B3-238CC5D9A75A}.AppStore|Any CPU.Deploy.0 = Release|Any CPU
		{CC7B22AA-196C-4FA3-A1B3-238CC5D9A75A}.AppStore|ARM.ActiveCfg = Release|ARM
		{CC7B22AA-196C-4FA3-A1B3-238CC5D9A75A}.AppStore|ARM.Build.0 = Release|ARM
		{CC7B22AA-196C-4FA3-A1B3-238CC5D9A75A}.AppStore|ARM.Deploy.0 = Release|ARM
		{CC7B22AA-196C-4FA3-A1B3-238CC5D9A75A}.AppStore|iPhone.ActiveCfg = Release|Any CPU
		{CC7B22AA-196C-4FA3-A1B3-238CC5D9A75A}.AppStore|iPhone.Build.0 = Release|Any CPU
		{CC7B22AA-196C-4FA3-A1B3-238CC5D9A75A}.AppStore|iPhone.Deploy.0 = Release|Any CPU
		{CC7B22AA-196C-4FA3-A1B3-238CC5D9A75A}.AppStore|iPhoneSimulator.ActiveCfg = Release|Any CPU
		{CC7B22AA-196C-4FA3-A1B3-238CC5D9A75A}.AppStore|iPhoneSimulator.Build.0 = Release|Any CPU
		{CC7B22AA-196C-4FA3-A1B3-238CC5D9A75A}.AppStore|iPhoneSimulator.Deploy.0 = Release|Any CPU
		{CC7B22AA-196C-4FA3-A1B3-238CC5D9A75A}.AppStore|x64.ActiveCfg = Release|x64
		{CC7B22AA-196C-4FA3-A1B3-238CC5D9A75A}.AppStore|x64.Build.0 = Release|x64
		{CC7B22AA-196C-4FA3-A1B3-238CC5D9A75A}.AppStore|x64.Deploy.0 = Release|x64
		{CC7B22AA-196C-4FA3-A1B3-238CC5D9A75A}.AppStore|x86.ActiveCfg = Release|x86
		{CC7B22AA-196C-4FA3-A1B3-238CC5D9A75A}.AppStore|x86.Build.0 = Release|x86
		{CC7B22AA-196C-4FA3-A1B3-238CC5D9A75A}.AppStore|x86.Deploy.0 = Release|x86
		{CC7B22AA-196C-4FA3-A1B3-238CC5D9A75A}.Debug|Any CPU.ActiveCfg = Debug|Any CPU
		{CC7B22AA-196C-4FA3-A1B3-238CC5D9A75A}.Debug|Any CPU.Build.0 = Debug|Any CPU
		{CC7B22AA-196C-4FA3-A1B3-238CC5D9A75A}.Debug|Any CPU.Deploy.0 = Debug|Any CPU
		{CC7B22AA-196C-4FA3-A1B3-238CC5D9A75A}.Debug|ARM.ActiveCfg = Debug|ARM
		{CC7B22AA-196C-4FA3-A1B3-238CC5D9A75A}.Debug|ARM.Build.0 = Debug|ARM
		{CC7B22AA-196C-4FA3-A1B3-238CC5D9A75A}.Debug|ARM.Deploy.0 = Debug|ARM
		{CC7B22AA-196C-4FA3-A1B3-238CC5D9A75A}.Debug|iPhone.ActiveCfg = Debug|Any CPU
		{CC7B22AA-196C-4FA3-A1B3-238CC5D9A75A}.Debug|iPhone.Build.0 = Debug|Any CPU
		{CC7B22AA-196C-4FA3-A1B3-238CC5D9A75A}.Debug|iPhone.Deploy.0 = Debug|Any CPU
		{CC7B22AA-196C-4FA3-A1B3-238CC5D9A75A}.Debug|iPhoneSimulator.ActiveCfg = Debug|Any CPU
		{CC7B22AA-196C-4FA3-A1B3-238CC5D9A75A}.Debug|iPhoneSimulator.Build.0 = Debug|Any CPU
		{CC7B22AA-196C-4FA3-A1B3-238CC5D9A75A}.Debug|iPhoneSimulator.Deploy.0 = Debug|Any CPU
		{CC7B22AA-196C-4FA3-A1B3-238CC5D9A75A}.Debug|x64.ActiveCfg = Debug|x64
		{CC7B22AA-196C-4FA3-A1B3-238CC5D9A75A}.Debug|x64.Build.0 = Debug|x64
		{CC7B22AA-196C-4FA3-A1B3-238CC5D9A75A}.Debug|x64.Deploy.0 = Debug|x64
		{CC7B22AA-196C-4FA3-A1B3-238CC5D9A75A}.Debug|x86.ActiveCfg = Debug|x86
		{CC7B22AA-196C-4FA3-A1B3-238CC5D9A75A}.Debug|x86.Build.0 = Debug|x86
		{CC7B22AA-196C-4FA3-A1B3-238CC5D9A75A}.Debug|x86.Deploy.0 = Debug|x86
		{CC7B22AA-196C-4FA3-A1B3-238CC5D9A75A}.Release|Any CPU.ActiveCfg = Release|Any CPU
		{CC7B22AA-196C-4FA3-A1B3-238CC5D9A75A}.Release|Any CPU.Build.0 = Release|Any CPU
		{CC7B22AA-196C-4FA3-A1B3-238CC5D9A75A}.Release|Any CPU.Deploy.0 = Release|Any CPU
		{CC7B22AA-196C-4FA3-A1B3-238CC5D9A75A}.Release|ARM.ActiveCfg = Release|ARM
		{CC7B22AA-196C-4FA3-A1B3-238CC5D9A75A}.Release|ARM.Build.0 = Release|ARM
		{CC7B22AA-196C-4FA3-A1B3-238CC5D9A75A}.Release|ARM.Deploy.0 = Release|ARM
		{CC7B22AA-196C-4FA3-A1B3-238CC5D9A75A}.Release|iPhone.ActiveCfg = Release|Any CPU
		{CC7B22AA-196C-4FA3-A1B3-238CC5D9A75A}.Release|iPhone.Build.0 = Release|Any CPU
		{CC7B22AA-196C-4FA3-A1B3-238CC5D9A75A}.Release|iPhone.Deploy.0 = Release|Any CPU
		{CC7B22AA-196C-4FA3-A1B3-238CC5D9A75A}.Release|iPhoneSimulator.ActiveCfg = Release|Any CPU
		{CC7B22AA-196C-4FA3-A1B3-238CC5D9A75A}.Release|iPhoneSimulator.Build.0 = Release|Any CPU
		{CC7B22AA-196C-4FA3-A1B3-238CC5D9A75A}.Release|iPhoneSimulator.Deploy.0 = Release|Any CPU
		{CC7B22AA-196C-4FA3-A1B3-238CC5D9A75A}.Release|x64.ActiveCfg = Release|x64
		{CC7B22AA-196C-4FA3-A1B3-238CC5D9A75A}.Release|x64.Build.0 = Release|x64
		{CC7B22AA-196C-4FA3-A1B3-238CC5D9A75A}.Release|x64.Deploy.0 = Release|x64
		{CC7B22AA-196C-4FA3-A1B3-238CC5D9A75A}.Release|x86.ActiveCfg = Release|x86
		{CC7B22AA-196C-4FA3-A1B3-238CC5D9A75A}.Release|x86.Build.0 = Release|x86
		{CC7B22AA-196C-4FA3-A1B3-238CC5D9A75A}.Release|x86.Deploy.0 = Release|x86
	EndGlobalSection
	GlobalSection(SolutionProperties) = preSolution
		HideSolutionNode = FALSE
	EndGlobalSection
EndGlobal
